
Microsoft Visual Studio Solution File, Format Version 12.00
# Visual Studio Version 17
VisualStudioVersion = 17.12.35323.107
MinimumVisualStudioVersion = 10.0.40219.1
Project("{FAE04EC0-301F-11D3-BF4B-00C04F79EFBC}") = "SEGI.WEB", "SEGI.WEB\SEGI.WEB.csproj", "{B5AB9A77-52F9-4C8A-8108-2BFAA759044F}"
EndProject
Global
	GlobalSection(SolutionConfigurationPlatforms) = preSolution
		Debug|Any CPU = Debug|Any CPU
		Release|Any CPU = Release|Any CPU
	EndGlobalSection
	GlobalSection(ProjectConfigurationPlatforms) = postSolution
		{B5AB9A77-52F9-4C8A-8108-2BFAA759044F}.Debug|Any CPU.ActiveCfg = Debug|Any CPU
		{B5AB9A77-52F9-4C8A-8108-2BFAA759044F}.Debug|Any CPU.Build.0 = Debug|Any CPU
		{B5AB9A77-52F9-4C8A-8108-2BFAA759044F}.Release|Any CPU.ActiveCfg = Release|Any CPU
		{B5AB9A77-52F9-4C8A-8108-2BFAA759044F}.Release|Any CPU.Build.0 = Release|Any CPU
	EndGlobalSection
	GlobalSection(SolutionProperties) = preSolution
		HideSolutionNode = FALSE
	EndGlobalSection
	GlobalSection(ExtensibilityGlobals) = postSolution
		SolutionGuid = {1F137B41-8850-4E0F-A8C7-0A9A4205CDD1}
	EndGlobalSection
EndGlobal
